
Microsoft Visual Studio Solution File, Format Version 12.00
# Visual Studio Version 16
VisualStudioVersion = 16.0.30523.141
MinimumVisualStudioVersion = 10.0.40219.1
Project("{FAE04EC0-301F-11D3-BF4B-00C04F79EFBC}") = "Chitic_Valentina_Lab6", "Chitic_Valentina_Lab6.csproj", "{D1780A43-A80F-4F5E-9AA2-5D9FC7E5752F}"
EndProject
Project("{FAE04EC0-301F-11D3-BF4B-00C04F79EFBC}") = "AutoLotModel", "..\AutoLotModel\AutoLotModel.csproj", "{C6E614EC-DBCB-4081-B36D-44E4C68970D5}"
EndProject
Global
	GlobalSection(SolutionConfigurationPlatforms) = preSolution
		Debug|Any CPU = Debug|Any CPU
		Release|Any CPU = Release|Any CPU
	EndGlobalSection
	GlobalSection(ProjectConfigurationPlatforms) = postSolution
		{D1780A43-A80F-4F5E-9AA2-5D9FC7E5752F}.Debug|Any CPU.ActiveCfg = Debug|Any CPU
		{D1780A43-A80F-4F5E-9AA2-5D9FC7E5752F}.Debug|Any CPU.Build.0 = Debug|Any CPU
		{D1780A43-A80F-4F5E-9AA2-5D9FC7E5752F}.Release|Any CPU.ActiveCfg = Release|Any CPU
		{D1780A43-A80F-4F5E-9AA2-5D9FC7E5752F}.Release|Any CPU.Build.0 = Release|Any CPU
		{C6E614EC-DBCB-4081-B36D-44E4C68970D5}.Debug|Any CPU.ActiveCfg = Debug|Any CPU
		{C6E614EC-DBCB-4081-B36D-44E4C68970D5}.Debug|Any CPU.Build.0 = Debug|Any CPU
		{C6E614EC-DBCB-4081-B36D-44E4C68970D5}.Release|Any CPU.ActiveCfg = Release|Any CPU
		{C6E614EC-DBCB-4081-B36D-44E4C68970D5}.Release|Any CPU.Build.0 = Release|Any CPU
	EndGlobalSection
	GlobalSection(SolutionProperties) = preSolution
		HideSolutionNode = FALSE
	EndGlobalSection
	GlobalSection(ExtensibilityGlobals) = postSolution
		SolutionGuid = {65705B34-DD6E-4017-99A3-2BAEEC1C411A}
	EndGlobalSection
EndGlobal
